{
  "version": 4,
  "terraform_version": "0.13.4",
  "serial": 20,
  "lineage": "f4a37fab-220f-9a5a-d6ee-ab3d5279f34b",
  "outputs": {
    "load-balancer-ip-address": {
      "value": "34.120.51.125",
      "type": "string"
    },
    "nat_ip_address": {
      "value": "35.196.227.11",
      "type": "string"
    }
  },
  "resources": [
    {
      "mode": "managed",
      "type": "google_compute_address",
      "name": "nat_ip",
      "provider": "provider[\"registry.terraform.io/hashicorp/google\"]",
      "instances": [
        {
          "schema_version": 0,
          "attributes": {
            "address": "35.196.227.11",
            "address_type": "EXTERNAL",
            "creation_timestamp": "2020-10-18T16:01:15.248-07:00",
            "description": "",
            "id": "projects/sysadmin-work-test-292709/regions/us-east1/addresses/sysadmin-app-sysadmin-env-nap-ip",
            "name": "sysadmin-app-sysadmin-env-nap-ip",
            "network_tier": "PREMIUM",
            "project": "sysadmin-work-test-292709",
            "purpose": "",
            "region": "us-east1",
            "self_link": "https://www.googleapis.com/compute/v1/projects/sysadmin-work-test-292709/regions/us-east1/addresses/sysadmin-app-sysadmin-env-nap-ip",
            "subnetwork": "",
            "timeouts": null,
            "users": []
          },
          "private": "eyJlMmJmYjczMC1lY2FhLTExZTYtOGY4OC0zNDM2M2JjN2M0YzAiOnsiY3JlYXRlIjoyNDAwMDAwMDAwMDAsImRlbGV0ZSI6MjQwMDAwMDAwMDAwfX0="
        }
      ]
    },
    {
      "mode": "managed",
      "type": "google_compute_autoscaler",
      "name": "autoscaler",
      "provider": "provider[\"registry.terraform.io/hashicorp/google\"]",
      "instances": [
        {
          "schema_version": 0,
          "attributes": {
            "autoscaling_policy": [
              {
                "cooldown_period": 60,
                "cpu_utilization": [
                  {
                    "target": 0.8
                  }
                ],
                "load_balancing_utilization": [],
                "max_replicas": 4,
                "metric": [],
                "min_replicas": 1,
                "mode": "ON"
              }
            ],
            "creation_timestamp": "2020-10-18T16:02:10.157-07:00",
            "description": "",
            "id": "projects/sysadmin-work-test-292709/zones/us-east1-b/autoscalers/sysadmin-app-sysadmin-env-autoscaler",
            "name": "sysadmin-app-sysadmin-env-autoscaler",
            "project": "sysadmin-work-test-292709",
            "self_link": "https://www.googleapis.com/compute/v1/projects/sysadmin-work-test-292709/zones/us-east1-b/autoscalers/sysadmin-app-sysadmin-env-autoscaler",
            "target": "https://www.googleapis.com/compute/v1/projects/sysadmin-work-test-292709/zones/us-east1-b/instanceGroupManagers/sysadmin-app-sysadmin-env-vm-group",
            "timeouts": null,
            "zone": "https://www.googleapis.com/compute/v1/projects/sysadmin-work-test-292709/zones/us-east1-b"
          },
          "private": "eyJlMmJmYjczMC1lY2FhLTExZTYtOGY4OC0zNDM2M2JjN2M0YzAiOnsiY3JlYXRlIjoyNDAwMDAwMDAwMDAsImRlbGV0ZSI6MjQwMDAwMDAwMDAwLCJ1cGRhdGUiOjI0MDAwMDAwMDAwMH19",
          "dependencies": [
            "google_compute_instance_group_manager.web_private_group",
            "google_compute_instance_template.web_server",
            "google_compute_network.vpc",
            "google_compute_subnetwork.private_subnet_1"
          ]
        }
      ]
    },
    {
      "mode": "managed",
      "type": "google_compute_backend_service",
      "name": "backend_service",
      "provider": "provider[\"registry.terraform.io/hashicorp/google\"]",
      "instances": [
        {
          "schema_version": 1,
          "attributes": {
            "affinity_cookie_ttl_sec": 0,
            "backend": [
              {
                "balancing_mode": "RATE",
                "capacity_scaler": 1,
                "description": "",
                "group": "https://www.googleapis.com/compute/v1/projects/sysadmin-work-test-292709/zones/us-east1-b/instanceGroups/sysadmin-app-sysadmin-env-vm-group",
                "max_connections": null,
                "max_connections_per_endpoint": null,
                "max_connections_per_instance": null,
                "max_rate": null,
                "max_rate_per_endpoint": null,
                "max_rate_per_instance": 100,
                "max_utilization": 0.8
              }
            ],
            "cdn_policy": [],
            "circuit_breakers": [],
            "connection_draining_timeout_sec": 300,
            "consistent_hash": [],
            "creation_timestamp": "2020-10-18T16:02:08.600-07:00",
            "custom_request_headers": null,
            "description": "",
            "enable_cdn": false,
            "fingerprint": "AeQUO2S0XPw=",
            "health_checks": [
              "https://www.googleapis.com/compute/v1/projects/sysadmin-work-test-292709/global/healthChecks/sysadmin-app-sysadmin-env-healthcheck"
            ],
            "iap": [],
            "id": "projects/sysadmin-work-test-292709/global/backendServices/sysadmin-app-sysadmin-env-backend-service",
            "load_balancing_scheme": "EXTERNAL",
            "locality_lb_policy": "",
            "log_config": [],
            "name": "sysadmin-app-sysadmin-env-backend-service",
            "outlier_detection": [],
            "port_name": "http",
            "project": "sysadmin-work-test-292709",
            "protocol": "HTTP",
            "security_policy": "",
            "self_link": "https://www.googleapis.com/compute/v1/projects/sysadmin-work-test-292709/global/backendServices/sysadmin-app-sysadmin-env-backend-service",
            "session_affinity": "NONE",
            "timeout_sec": 30,
            "timeouts": null
          },
          "private": "eyJlMmJmYjczMC1lY2FhLTExZTYtOGY4OC0zNDM2M2JjN2M0YzAiOnsiY3JlYXRlIjoyNDAwMDAwMDAwMDAsImRlbGV0ZSI6MjQwMDAwMDAwMDAwLCJ1cGRhdGUiOjI0MDAwMDAwMDAwMH0sInNjaGVtYV92ZXJzaW9uIjoiMSJ9",
          "dependencies": [
            "google_compute_health_check.healthcheck",
            "google_compute_instance_group_manager.web_private_group",
            "google_compute_instance_template.web_server",
            "google_compute_network.vpc",
            "google_compute_subnetwork.private_subnet_1"
          ]
        }
      ]
    },
    {
      "mode": "managed",
      "type": "google_compute_firewall",
      "name": "allow-http",
      "provider": "provider[\"registry.terraform.io/hashicorp/google\"]",
      "instances": [
        {
          "schema_version": 1,
          "attributes": {
            "allow": [
              {
                "ports": [
                  "80"
                ],
                "protocol": "tcp"
              }
            ],
            "creation_timestamp": "2020-10-18T16:01:27.699-07:00",
            "deny": [],
            "description": "",
            "destination_ranges": [],
            "direction": "INGRESS",
            "disabled": false,
            "enable_logging": null,
            "id": "projects/sysadmin-work-test-292709/global/firewalls/sysadmin-app-fw-allow-http",
            "log_config": [],
            "name": "sysadmin-app-fw-allow-http",
            "network": "https://www.googleapis.com/compute/v1/projects/sysadmin-work-test-292709/global/networks/sysadmin-app-sysadmin-env-vpc",
            "priority": 1000,
            "project": "sysadmin-work-test-292709",
            "self_link": "https://www.googleapis.com/compute/v1/projects/sysadmin-work-test-292709/global/firewalls/sysadmin-app-fw-allow-http",
            "source_ranges": [
              "0.0.0.0/0"
            ],
            "source_service_accounts": null,
            "source_tags": null,
            "target_service_accounts": null,
            "target_tags": [
              "http"
            ],
            "timeouts": null
          },
          "private": "eyJlMmJmYjczMC1lY2FhLTExZTYtOGY4OC0zNDM2M2JjN2M0YzAiOnsiY3JlYXRlIjoyNDAwMDAwMDAwMDAsImRlbGV0ZSI6MjQwMDAwMDAwMDAwLCJ1cGRhdGUiOjI0MDAwMDAwMDAwMH0sInNjaGVtYV92ZXJzaW9uIjoiMSJ9",
          "dependencies": [
            "google_compute_network.vpc"
          ]
        }
      ]
    },
    {
      "mode": "managed",
      "type": "google_compute_firewall",
      "name": "allow-https",
      "provider": "provider[\"registry.terraform.io/hashicorp/google\"]",
      "instances": [
        {
          "schema_version": 1,
          "attributes": {
            "allow": [
              {
                "ports": [
                  "443"
                ],
                "protocol": "tcp"
              }
            ],
            "creation_timestamp": "2020-10-18T16:01:27.600-07:00",
            "deny": [],
            "description": "",
            "destination_ranges": [],
            "direction": "INGRESS",
            "disabled": false,
            "enable_logging": null,
            "id": "projects/sysadmin-work-test-292709/global/firewalls/sysadmin-app-fw-allow-https",
            "log_config": [],
            "name": "sysadmin-app-fw-allow-https",
            "network": "https://www.googleapis.com/compute/v1/projects/sysadmin-work-test-292709/global/networks/sysadmin-app-sysadmin-env-vpc",
            "priority": 1000,
            "project": "sysadmin-work-test-292709",
            "self_link": "https://www.googleapis.com/compute/v1/projects/sysadmin-work-test-292709/global/firewalls/sysadmin-app-fw-allow-https",
            "source_ranges": [
              "0.0.0.0/0"
            ],
            "source_service_accounts": null,
            "source_tags": null,
            "target_service_accounts": null,
            "target_tags": [
              "https"
            ],
            "timeouts": null
          },
          "private": "eyJlMmJmYjczMC1lY2FhLTExZTYtOGY4OC0zNDM2M2JjN2M0YzAiOnsiY3JlYXRlIjoyNDAwMDAwMDAwMDAsImRlbGV0ZSI6MjQwMDAwMDAwMDAwLCJ1cGRhdGUiOjI0MDAwMDAwMDAwMH0sInNjaGVtYV92ZXJzaW9uIjoiMSJ9",
          "dependencies": [
            "google_compute_network.vpc"
          ]
        }
      ]
    },
    {
      "mode": "managed",
      "type": "google_compute_firewall",
      "name": "allow-internal",
      "provider": "provider[\"registry.terraform.io/hashicorp/google\"]",
      "instances": [
        {
          "schema_version": 1,
          "attributes": {
            "allow": [
              {
                "ports": [
                  "0-65535"
                ],
                "protocol": "tcp"
              },
              {
                "ports": [
                  "0-65535"
                ],
                "protocol": "udp"
              },
              {
                "ports": [],
                "protocol": "icmp"
              }
            ],
            "creation_timestamp": "2020-10-18T16:01:27.696-07:00",
            "deny": [],
            "description": "",
            "destination_ranges": [],
            "direction": "INGRESS",
            "disabled": false,
            "enable_logging": null,
            "id": "projects/sysadmin-work-test-292709/global/firewalls/sysadmin-app-sysadmin-env-fw-allow-internal",
            "log_config": [],
            "name": "sysadmin-app-sysadmin-env-fw-allow-internal",
            "network": "https://www.googleapis.com/compute/v1/projects/sysadmin-work-test-292709/global/networks/sysadmin-app-sysadmin-env-vpc",
            "priority": 1000,
            "project": "sysadmin-work-test-292709",
            "self_link": "https://www.googleapis.com/compute/v1/projects/sysadmin-work-test-292709/global/firewalls/sysadmin-app-sysadmin-env-fw-allow-internal",
            "source_ranges": [
              "192.168.0.0/24"
            ],
            "source_service_accounts": null,
            "source_tags": null,
            "target_service_accounts": null,
            "target_tags": null,
            "timeouts": null
          },
          "private": "eyJlMmJmYjczMC1lY2FhLTExZTYtOGY4OC0zNDM2M2JjN2M0YzAiOnsiY3JlYXRlIjoyNDAwMDAwMDAwMDAsImRlbGV0ZSI6MjQwMDAwMDAwMDAwLCJ1cGRhdGUiOjI0MDAwMDAwMDAwMH0sInNjaGVtYV92ZXJzaW9uIjoiMSJ9",
          "dependencies": [
            "google_compute_network.vpc"
          ]
        }
      ]
    },
    {
      "mode": "managed",
      "type": "google_compute_firewall",
      "name": "allow-rdp",
      "provider": "provider[\"registry.terraform.io/hashicorp/google\"]",
      "instances": [
        {
          "schema_version": 1,
          "attributes": {
            "allow": [
              {
                "ports": [
                  "3389"
                ],
                "protocol": "tcp"
              }
            ],
            "creation_timestamp": "2020-10-18T16:01:27.650-07:00",
            "deny": [],
            "description": "",
            "destination_ranges": [],
            "direction": "INGRESS",
            "disabled": false,
            "enable_logging": null,
            "id": "projects/sysadmin-work-test-292709/global/firewalls/sysadmin-app-fw-allow-rdp",
            "log_config": [],
            "name": "sysadmin-app-fw-allow-rdp",
            "network": "https://www.googleapis.com/compute/v1/projects/sysadmin-work-test-292709/global/networks/sysadmin-app-sysadmin-env-vpc",
            "priority": 1000,
            "project": "sysadmin-work-test-292709",
            "self_link": "https://www.googleapis.com/compute/v1/projects/sysadmin-work-test-292709/global/firewalls/sysadmin-app-fw-allow-rdp",
            "source_ranges": [
              "0.0.0.0/0"
            ],
            "source_service_accounts": null,
            "source_tags": null,
            "target_service_accounts": null,
            "target_tags": [
              "rdp"
            ],
            "timeouts": null
          },
          "private": "eyJlMmJmYjczMC1lY2FhLTExZTYtOGY4OC0zNDM2M2JjN2M0YzAiOnsiY3JlYXRlIjoyNDAwMDAwMDAwMDAsImRlbGV0ZSI6MjQwMDAwMDAwMDAwLCJ1cGRhdGUiOjI0MDAwMDAwMDAwMH0sInNjaGVtYV92ZXJzaW9uIjoiMSJ9",
          "dependencies": [
            "google_compute_network.vpc"
          ]
        }
      ]
    },
    {
      "mode": "managed",
      "type": "google_compute_firewall",
      "name": "allow-ssh",
      "provider": "provider[\"registry.terraform.io/hashicorp/google\"]",
      "instances": [
        {
          "schema_version": 1,
          "attributes": {
            "allow": [
              {
                "ports": [
                  "22"
                ],
                "protocol": "tcp"
              }
            ],
            "creation_timestamp": "2020-10-18T16:01:27.602-07:00",
            "deny": [],
            "description": "",
            "destination_ranges": [],
            "direction": "INGRESS",
            "disabled": false,
            "enable_logging": null,
            "id": "projects/sysadmin-work-test-292709/global/firewalls/sysadmin-app-fw-allow-ssh",
            "log_config": [],
            "name": "sysadmin-app-fw-allow-ssh",
            "network": "https://www.googleapis.com/compute/v1/projects/sysadmin-work-test-292709/global/networks/sysadmin-app-sysadmin-env-vpc",
            "priority": 1000,
            "project": "sysadmin-work-test-292709",
            "self_link": "https://www.googleapis.com/compute/v1/projects/sysadmin-work-test-292709/global/firewalls/sysadmin-app-fw-allow-ssh",
            "source_ranges": [
              "0.0.0.0/0"
            ],
            "source_service_accounts": null,
            "source_tags": null,
            "target_service_accounts": null,
            "target_tags": [
              "ssh"
            ],
            "timeouts": null
          },
          "private": "eyJlMmJmYjczMC1lY2FhLTExZTYtOGY4OC0zNDM2M2JjN2M0YzAiOnsiY3JlYXRlIjoyNDAwMDAwMDAwMDAsImRlbGV0ZSI6MjQwMDAwMDAwMDAwLCJ1cGRhdGUiOjI0MDAwMDAwMDAwMH0sInNjaGVtYV92ZXJzaW9uIjoiMSJ9",
          "dependencies": [
            "google_compute_network.vpc"
          ]
        }
      ]
    },
    {
      "mode": "managed",
      "type": "google_compute_global_forwarding_rule",
      "name": "global_forwarding_rule",
      "provider": "provider[\"registry.terraform.io/hashicorp/google\"]",
      "instances": [
        {
          "schema_version": 0,
          "attributes": {
            "description": "",
            "id": "projects/sysadmin-work-test-292709/global/forwardingRules/sysadmin-app-sysadmin-env-global-forwarding-rule",
            "ip_address": "34.120.51.125",
            "ip_protocol": "TCP",
            "ip_version": "",
            "load_balancing_scheme": "EXTERNAL",
            "metadata_filters": [],
            "name": "sysadmin-app-sysadmin-env-global-forwarding-rule",
            "port_range": "80-80",
            "project": "sysadmin-work-test-292709",
            "self_link": "https://www.googleapis.com/compute/v1/projects/sysadmin-work-test-292709/global/forwardingRules/sysadmin-app-sysadmin-env-global-forwarding-rule",
            "target": "https://www.googleapis.com/compute/v1/projects/sysadmin-work-test-292709/global/targetHttpProxies/sysadmin-app-sysadmin-env-proxy",
            "timeouts": null
          },
          "private": "eyJlMmJmYjczMC1lY2FhLTExZTYtOGY4OC0zNDM2M2JjN2M0YzAiOnsiY3JlYXRlIjoyNDAwMDAwMDAwMDAsImRlbGV0ZSI6MjQwMDAwMDAwMDAwLCJ1cGRhdGUiOjI0MDAwMDAwMDAwMH19",
          "dependencies": [
            "google_compute_backend_service.backend_service",
            "google_compute_health_check.healthcheck",
            "google_compute_instance_group_manager.web_private_group",
            "google_compute_instance_template.web_server",
            "google_compute_network.vpc",
            "google_compute_subnetwork.private_subnet_1",
            "google_compute_target_http_proxy.target_http_proxy",
            "google_compute_url_map.url_map"
          ]
        }
      ]
    },
    {
      "mode": "managed",
      "type": "google_compute_health_check",
      "name": "healthcheck",
      "provider": "provider[\"registry.terraform.io/hashicorp/google\"]",
      "instances": [
        {
          "schema_version": 0,
          "attributes": {
            "check_interval_sec": 1,
            "creation_timestamp": "2020-10-18T16:01:15.134-07:00",
            "description": "",
            "grpc_health_check": [],
            "healthy_threshold": 2,
            "http2_health_check": [],
            "http_health_check": [
              {
                "host": "",
                "port": 80,
                "port_name": "",
                "port_specification": "",
                "proxy_header": "NONE",
                "request_path": "/",
                "response": ""
              }
            ],
            "https_health_check": [],
            "id": "projects/sysadmin-work-test-292709/global/healthChecks/sysadmin-app-sysadmin-env-healthcheck",
            "name": "sysadmin-app-sysadmin-env-healthcheck",
            "project": "sysadmin-work-test-292709",
            "self_link": "https://www.googleapis.com/compute/v1/projects/sysadmin-work-test-292709/global/healthChecks/sysadmin-app-sysadmin-env-healthcheck",
            "ssl_health_check": [],
            "tcp_health_check": [],
            "timeout_sec": 1,
            "timeouts": null,
            "type": "HTTP",
            "unhealthy_threshold": 2
          },
          "private": "eyJlMmJmYjczMC1lY2FhLTExZTYtOGY4OC0zNDM2M2JjN2M0YzAiOnsiY3JlYXRlIjoyNDAwMDAwMDAwMDAsImRlbGV0ZSI6MjQwMDAwMDAwMDAwLCJ1cGRhdGUiOjI0MDAwMDAwMDAwMH19"
        }
      ]
    },
    {
      "mode": "managed",
      "type": "google_compute_instance_group_manager",
      "name": "web_private_group",
      "provider": "provider[\"registry.terraform.io/hashicorp/google\"]",
      "instances": [
        {
          "schema_version": 0,
          "attributes": {
            "auto_healing_policies": [],
            "base_instance_name": "sysadmin-app-sysadmin-env-web",
            "description": "",
            "fingerprint": "OVbPAUmXKn8=",
            "id": "projects/sysadmin-work-test-292709/zones/us-east1-b/instanceGroupManagers/sysadmin-app-sysadmin-env-vm-group",
            "instance_group": "https://www.googleapis.com/compute/v1/projects/sysadmin-work-test-292709/zones/us-east1-b/instanceGroups/sysadmin-app-sysadmin-env-vm-group",
            "name": "sysadmin-app-sysadmin-env-vm-group",
            "named_port": [
              {
                "name": "http",
                "port": 80
              }
            ],
            "operation": null,
            "project": "sysadmin-work-test-292709",
            "self_link": "https://www.googleapis.com/compute/v1/projects/sysadmin-work-test-292709/zones/us-east1-b/instanceGroupManagers/sysadmin-app-sysadmin-env-vm-group",
            "stateful_disk": [],
            "target_pools": null,
            "target_size": 0,
            "timeouts": null,
            "update_policy": [
              {
                "max_surge_fixed": 1,
                "max_surge_percent": 0,
                "max_unavailable_fixed": 1,
                "max_unavailable_percent": 0,
                "min_ready_sec": 0,
                "minimal_action": "REPLACE",
                "type": "OPPORTUNISTIC"
              }
            ],
            "version": [
              {
                "instance_template": "https://www.googleapis.com/compute/v1/projects/sysadmin-work-test-292709/global/instanceTemplates/sysadmin-app-web-server-template",
                "name": "",
                "target_size": []
              }
            ],
            "wait_for_instances": false,
            "zone": "us-east1-b"
          },
          "private": "eyJlMmJmYjczMC1lY2FhLTExZTYtOGY4OC0zNDM2M2JjN2M0YzAiOnsiY3JlYXRlIjozMDAwMDAwMDAwMDAsImRlbGV0ZSI6OTAwMDAwMDAwMDAwLCJ1cGRhdGUiOjMwMDAwMDAwMDAwMH19",
          "dependencies": [
            "google_compute_instance_template.web_server",
            "google_compute_network.vpc",
            "google_compute_subnetwork.private_subnet_1"
          ]
        }
      ]
    },
    {
      "mode": "managed",
      "type": "google_compute_instance_template",
      "name": "web_server",
      "provider": "provider[\"registry.terraform.io/hashicorp/google\"]",
      "instances": [
        {
          "schema_version": 1,
          "attributes": {
            "can_ip_forward": false,
            "description": "This template is used to create Apache web server",
            "disk": [
              {
                "auto_delete": true,
                "boot": true,
                "device_name": "persistent-disk-0",
                "disk_encryption_key": [],
                "disk_name": "",
                "disk_size_gb": 0,
                "disk_type": "pd-standard",
                "interface": "SCSI",
                "labels": null,
                "mode": "READ_WRITE",
                "source": "",
                "source_image": "projects/sysadmin-work-test-292709/global/images/packer-1603058506",
                "type": "PERSISTENT"
              }
            ],
            "enable_display": null,
            "guest_accelerator": [],
            "id": "projects/sysadmin-work-test-292709/global/instanceTemplates/sysadmin-app-web-server-template",
            "instance_description": "Web Server running Apache",
            "labels": null,
            "machine_type": "n1-standard-1",
            "metadata": null,
            "metadata_fingerprint": "M_k2VpUowUM=",
            "metadata_startup_script": null,
            "min_cpu_platform": "",
            "name": "sysadmin-app-web-server-template",
            "name_prefix": null,
            "network_interface": [
              {
                "access_config": [],
                "alias_ip_range": [],
                "name": "",
                "network": "https://www.googleapis.com/compute/v1/projects/sysadmin-work-test-292709/global/networks/sysadmin-app-sysadmin-env-vpc",
                "network_ip": "",
                "subnetwork": "https://www.googleapis.com/compute/v1/projects/sysadmin-work-test-292709/regions/us-east1/subnetworks/sysadmin-app-sysadmin-env-private-subnet-1",
                "subnetwork_project": "sysadmin-work-test-292709"
              }
            ],
            "project": "sysadmin-work-test-292709",
            "region": "us-east1",
            "scheduling": [
              {
                "automatic_restart": true,
                "node_affinities": [],
                "on_host_maintenance": "MIGRATE",
                "preemptible": false
              }
            ],
            "self_link": "https://www.googleapis.com/compute/beta/projects/sysadmin-work-test-292709/global/instanceTemplates/sysadmin-app-web-server-template",
            "service_account": [],
            "shielded_instance_config": [],
            "tags": [
              "http",
              "ssh"
            ],
            "tags_fingerprint": "",
            "timeouts": null
          },
          "private": "eyJlMmJmYjczMC1lY2FhLTExZTYtOGY4OC0zNDM2M2JjN2M0YzAiOnsiY3JlYXRlIjoyNDAwMDAwMDAwMDAsImRlbGV0ZSI6MjQwMDAwMDAwMDAwfSwic2NoZW1hX3ZlcnNpb24iOiIxIn0=",
          "dependencies": [
            "google_compute_network.vpc",
            "google_compute_subnetwork.private_subnet_1"
          ],
          "create_before_destroy": true
        }
      ]
    },
    {
      "mode": "managed",
      "type": "google_compute_network",
      "name": "vpc",
      "provider": "provider[\"registry.terraform.io/hashicorp/google\"]",
      "instances": [
        {
          "schema_version": 0,
          "attributes": {
            "auto_create_subnetworks": false,
            "delete_default_routes_on_create": false,
            "description": "",
            "gateway_ipv4": "",
            "id": "projects/sysadmin-work-test-292709/global/networks/sysadmin-app-sysadmin-env-vpc",
            "name": "sysadmin-app-sysadmin-env-vpc",
            "project": "sysadmin-work-test-292709",
            "routing_mode": "GLOBAL",
            "self_link": "https://www.googleapis.com/compute/v1/projects/sysadmin-work-test-292709/global/networks/sysadmin-app-sysadmin-env-vpc",
            "timeouts": null
          },
          "private": "eyJlMmJmYjczMC1lY2FhLTExZTYtOGY4OC0zNDM2M2JjN2M0YzAiOnsiY3JlYXRlIjoyNDAwMDAwMDAwMDAsImRlbGV0ZSI6MjQwMDAwMDAwMDAwLCJ1cGRhdGUiOjI0MDAwMDAwMDAwMH19",
          "create_before_destroy": true
        }
      ]
    },
    {
      "mode": "managed",
      "type": "google_compute_router",
      "name": "nat-router",
      "provider": "provider[\"registry.terraform.io/hashicorp/google\"]",
      "instances": [
        {
          "schema_version": 0,
          "attributes": {
            "bgp": [],
            "creation_timestamp": "2020-10-18T16:01:27.736-07:00",
            "description": "",
            "id": "projects/sysadmin-work-test-292709/regions/us-east1/routers/sysadmin-app-sysadmin-env-nat-router",
            "name": "sysadmin-app-sysadmin-env-nat-router",
            "network": "https://www.googleapis.com/compute/v1/projects/sysadmin-work-test-292709/global/networks/sysadmin-app-sysadmin-env-vpc",
            "project": "sysadmin-work-test-292709",
            "region": "us-east1",
            "self_link": "https://www.googleapis.com/compute/v1/projects/sysadmin-work-test-292709/regions/us-east1/routers/sysadmin-app-sysadmin-env-nat-router",
            "timeouts": null
          },
          "private": "eyJlMmJmYjczMC1lY2FhLTExZTYtOGY4OC0zNDM2M2JjN2M0YzAiOnsiY3JlYXRlIjoyNDAwMDAwMDAwMDAsImRlbGV0ZSI6MjQwMDAwMDAwMDAwLCJ1cGRhdGUiOjI0MDAwMDAwMDAwMH19",
          "dependencies": [
            "google_compute_network.vpc"
          ]
        }
      ]
    },
    {
      "mode": "managed",
      "type": "google_compute_router_nat",
      "name": "nat-gateway",
      "provider": "provider[\"registry.terraform.io/hashicorp/google\"]",
      "instances": [
        {
          "schema_version": 0,
          "attributes": {
            "drain_nat_ips": null,
            "icmp_idle_timeout_sec": 30,
            "id": "sysadmin-work-test-292709/us-east1/sysadmin-app-sysadmin-env-nat-router/sysadmin-app-nat-gateway",
            "log_config": [],
            "min_ports_per_vm": 0,
            "name": "sysadmin-app-nat-gateway",
            "nat_ip_allocate_option": "MANUAL_ONLY",
            "nat_ips": [
              "https://www.googleapis.com/compute/v1/projects/sysadmin-work-test-292709/regions/us-east1/addresses/sysadmin-app-sysadmin-env-nap-ip"
            ],
            "project": "sysadmin-work-test-292709",
            "region": null,
            "router": "sysadmin-app-sysadmin-env-nat-router",
            "source_subnetwork_ip_ranges_to_nat": "ALL_SUBNETWORKS_ALL_IP_RANGES",
            "subnetwork": [],
            "tcp_established_idle_timeout_sec": 1200,
            "tcp_transitory_idle_timeout_sec": 30,
            "timeouts": null,
            "udp_idle_timeout_sec": 30
          },
          "private": "eyJlMmJmYjczMC1lY2FhLTExZTYtOGY4OC0zNDM2M2JjN2M0YzAiOnsiY3JlYXRlIjo2MDAwMDAwMDAwMDAsImRlbGV0ZSI6NjAwMDAwMDAwMDAwLCJ1cGRhdGUiOjYwMDAwMDAwMDAwMH19",
          "dependencies": [
            "google_compute_address.nat_ip",
            "google_compute_network.vpc",
            "google_compute_router.nat-router"
          ]
        }
      ]
    },
    {
      "mode": "managed",
      "type": "google_compute_subnetwork",
      "name": "private_subnet_1",
      "provider": "provider[\"registry.terraform.io/hashicorp/google-beta\"]",
      "instances": [
        {
          "schema_version": 0,
          "attributes": {
            "creation_timestamp": "2020-10-18T16:01:28.060-07:00",
            "description": "",
            "fingerprint": null,
            "gateway_address": "192.168.0.1",
            "id": "projects/sysadmin-work-test-292709/regions/us-east1/subnetworks/sysadmin-app-sysadmin-env-private-subnet-1",
            "ip_cidr_range": "192.168.0.0/24",
            "log_config": [],
            "name": "sysadmin-app-sysadmin-env-private-subnet-1",
            "network": "https://www.googleapis.com/compute/v1/projects/sysadmin-work-test-292709/global/networks/sysadmin-app-sysadmin-env-vpc",
            "private_ip_google_access": false,
            "project": "sysadmin-work-test-292709",
            "purpose": "PRIVATE",
            "region": "us-east1",
            "role": "",
            "secondary_ip_range": [],
            "self_link": "https://www.googleapis.com/compute/v1/projects/sysadmin-work-test-292709/regions/us-east1/subnetworks/sysadmin-app-sysadmin-env-private-subnet-1",
            "timeouts": null
          },
          "private": "eyJlMmJmYjczMC1lY2FhLTExZTYtOGY4OC0zNDM2M2JjN2M0YzAiOnsiY3JlYXRlIjozNjAwMDAwMDAwMDAsImRlbGV0ZSI6MzYwMDAwMDAwMDAwLCJ1cGRhdGUiOjM2MDAwMDAwMDAwMH19",
          "dependencies": [
            "google_compute_network.vpc"
          ],
          "create_before_destroy": true
        }
      ]
    },
    {
      "mode": "managed",
      "type": "google_compute_target_http_proxy",
      "name": "target_http_proxy",
      "provider": "provider[\"registry.terraform.io/hashicorp/google\"]",
      "instances": [
        {
          "schema_version": 0,
          "attributes": {
            "creation_timestamp": "2020-10-18T16:02:25.139-07:00",
            "description": "",
            "id": "projects/sysadmin-work-test-292709/global/targetHttpProxies/sysadmin-app-sysadmin-env-proxy",
            "name": "sysadmin-app-sysadmin-env-proxy",
            "project": "sysadmin-work-test-292709",
            "proxy_id": 1560260538747942766,
            "self_link": "https://www.googleapis.com/compute/v1/projects/sysadmin-work-test-292709/global/targetHttpProxies/sysadmin-app-sysadmin-env-proxy",
            "timeouts": null,
            "url_map": "https://www.googleapis.com/compute/v1/projects/sysadmin-work-test-292709/global/urlMaps/sysadmin-app-sysadmin-env-load-balancer"
          },
          "private": "eyJlMmJmYjczMC1lY2FhLTExZTYtOGY4OC0zNDM2M2JjN2M0YzAiOnsiY3JlYXRlIjoyNDAwMDAwMDAwMDAsImRlbGV0ZSI6MjQwMDAwMDAwMDAwLCJ1cGRhdGUiOjI0MDAwMDAwMDAwMH19",
          "dependencies": [
            "google_compute_backend_service.backend_service",
            "google_compute_health_check.healthcheck",
            "google_compute_instance_group_manager.web_private_group",
            "google_compute_instance_template.web_server",
            "google_compute_network.vpc",
            "google_compute_subnetwork.private_subnet_1",
            "google_compute_url_map.url_map"
          ]
        }
      ]
    },
    {
      "mode": "managed",
      "type": "google_compute_url_map",
      "name": "url_map",
      "provider": "provider[\"registry.terraform.io/hashicorp/google\"]",
      "instances": [
        {
          "schema_version": 0,
          "attributes": {
            "creation_timestamp": "2020-10-18T16:02:12.633-07:00",
            "default_route_action": [],
            "default_service": "https://www.googleapis.com/compute/v1/projects/sysadmin-work-test-292709/global/backendServices/sysadmin-app-sysadmin-env-backend-service",
            "default_url_redirect": [],
            "description": "",
            "fingerprint": "gXC7IULnpdM=",
            "header_action": [],
            "host_rule": [],
            "id": "projects/sysadmin-work-test-292709/global/urlMaps/sysadmin-app-sysadmin-env-load-balancer",
            "map_id": 1199025425190320027,
            "name": "sysadmin-app-sysadmin-env-load-balancer",
            "path_matcher": [],
            "project": "sysadmin-work-test-292709",
            "self_link": "https://www.googleapis.com/compute/v1/projects/sysadmin-work-test-292709/global/urlMaps/sysadmin-app-sysadmin-env-load-balancer",
            "test": [],
            "timeouts": null
          },
          "private": "eyJlMmJmYjczMC1lY2FhLTExZTYtOGY4OC0zNDM2M2JjN2M0YzAiOnsiY3JlYXRlIjoyNDAwMDAwMDAwMDAsImRlbGV0ZSI6MjQwMDAwMDAwMDAwLCJ1cGRhdGUiOjI0MDAwMDAwMDAwMH19",
          "dependencies": [
            "google_compute_backend_service.backend_service",
            "google_compute_health_check.healthcheck",
            "google_compute_instance_group_manager.web_private_group",
            "google_compute_instance_template.web_server",
            "google_compute_network.vpc",
            "google_compute_subnetwork.private_subnet_1"
          ]
        }
      ]
    }
  ]
}
